
Microsoft Visual Studio Solution File, Format Version 12.00
# Visual Studio 15
VisualStudioVersion = 15.0.28010.2036
MinimumVisualStudioVersion = 10.0.40219.1
Project("{FAE04EC0-301F-11D3-BF4B-00C04F79EFBC}") = "HouseHold", "HouseHold\HouseHold.csproj", "{CA987C24-02CD-41A4-90B1-FE3E3FFAC063}"
EndProject
Global
	GlobalSection(SolutionConfigurationPlatforms) = preSolution
		Debug|Any CPU = Debug|Any CPU
		Release|Any CPU = Release|Any CPU
	EndGlobalSection
	GlobalSection(ProjectConfigurationPlatforms) = postSolution
		{CA987C24-02CD-41A4-90B1-FE3E3FFAC063}.Debug|Any CPU.ActiveCfg = Debug|Any CPU
		{CA987C24-02CD-41A4-90B1-FE3E3FFAC063}.Debug|Any CPU.Build.0 = Debug|Any CPU
		{CA987C24-02CD-41A4-90B1-FE3E3FFAC063}.Release|Any CPU.ActiveCfg = Release|Any CPU
		{CA987C24-02CD-41A4-90B1-FE3E3FFAC063}.Release|Any CPU.Build.0 = Release|Any CPU
	EndGlobalSection
	GlobalSection(SolutionProperties) = preSolution
		HideSolutionNode = FALSE
	EndGlobalSection
	GlobalSection(ExtensibilityGlobals) = postSolution
		SolutionGuid = {17FDEB26-63E6-4737-8C41-8CE1BB433525}
	EndGlobalSection
EndGlobal
